
Microsoft Visual Studio Solution File, Format Version 12.00
# Visual Studio Version 17
VisualStudioVersion = 17.3.32929.385
MinimumVisualStudioVersion = 10.0.40219.1
Project("{FAE04EC0-301F-11D3-BF4B-00C04F79EFBC}") = "jdu", "jdu\jdu.csproj", "{5E25DB8F-6338-4630-9546-E61B53DBA580}"
EndProject
Project("{FAE04EC0-301F-11D3-BF4B-00C04F79EFBC}") = "test", "test\test.csproj", "{D9C6D96D-50E9-485E-B992-DEC674A40612}"
EndProject
Global
	GlobalSection(SolutionConfigurationPlatforms) = preSolution
		Debug|Any CPU = Debug|Any CPU
		Release|Any CPU = Release|Any CPU
	EndGlobalSection
	GlobalSection(ProjectConfigurationPlatforms) = postSolution
		{5E25DB8F-6338-4630-9546-E61B53DBA580}.Debug|Any CPU.ActiveCfg = Debug|Any CPU
		{5E25DB8F-6338-4630-9546-E61B53DBA580}.Debug|Any CPU.Build.0 = Debug|Any CPU
		{5E25DB8F-6338-4630-9546-E61B53DBA580}.Release|Any CPU.ActiveCfg = Release|Any CPU
		{5E25DB8F-6338-4630-9546-E61B53DBA580}.Release|Any CPU.Build.0 = Release|Any CPU
		{D9C6D96D-50E9-485E-B992-DEC674A40612}.Debug|Any CPU.ActiveCfg = Debug|Any CPU
		{D9C6D96D-50E9-485E-B992-DEC674A40612}.Debug|Any CPU.Build.0 = Debug|Any CPU
		{D9C6D96D-50E9-485E-B992-DEC674A40612}.Release|Any CPU.ActiveCfg = Release|Any CPU
		{D9C6D96D-50E9-485E-B992-DEC674A40612}.Release|Any CPU.Build.0 = Release|Any CPU
	EndGlobalSection
	GlobalSection(SolutionProperties) = preSolution
		HideSolutionNode = FALSE
	EndGlobalSection
	GlobalSection(ExtensibilityGlobals) = postSolution
		SolutionGuid = {AE5A704D-2C7B-48B7-A9DD-1B166A27A830}
	EndGlobalSection
EndGlobal
